// !$*UTF8*$!
{
	archiveVersion = 1;
	classes = {
	};
	objectVersion = 46;
	objects = {

/* Begin PBXBuildFile section */
		882E50A21EE7453E004C7C9B /* LocationCoordinate.swift in Sources */ = {isa = PBXBuildFile; fileRef = 882E50A11EE7453E004C7C9B /* LocationCoordinate.swift */; };
		8832AA841EEDFACB0092FDD0 /* Configuration.swift in Sources */ = {isa = PBXBuildFile; fileRef = 8832AA831EEDFACB0092FDD0 /* Configuration.swift */; };
		8833DBDA1E9D63FA00CACA85 /* AppDelegate.swift in Sources */ = {isa = PBXBuildFile; fileRef = 8833DBD91E9D63FA00CACA85 /* AppDelegate.swift */; };
		8833DBDC1E9D63FA00CACA85 /* MapViewController.swift in Sources */ = {isa = PBXBuildFile; fileRef = 8833DBDB1E9D63FA00CACA85 /* MapViewController.swift */; };
		8833DBDE1E9D63FA00CACA85 /* SettingsViewController.swift in Sources */ = {isa = PBXBuildFile; fileRef = 8833DBDD1E9D63FA00CACA85 /* SettingsViewController.swift */; };
		8833DBE11E9D63FA00CACA85 /* Main.storyboard in Resources */ = {isa = PBXBuildFile; fileRef = 8833DBDF1E9D63FA00CACA85 /* Main.storyboard */; };
		8833DBE31E9D63FA00CACA85 /* Assets.xcassets in Resources */ = {isa = PBXBuildFile; fileRef = 8833DBE21E9D63FA00CACA85 /* Assets.xcassets */; };
		8833DBE61E9D63FA00CACA85 /* LaunchScreen.storyboard in Resources */ = {isa = PBXBuildFile; fileRef = 8833DBE41E9D63FA00CACA85 /* LaunchScreen.storyboard */; };
		8833DBEE1E9D6A6F00CACA85 /* BumpManager.swift in Sources */ = {isa = PBXBuildFile; fileRef = 8833DBED1E9D6A6F00CACA85 /* BumpManager.swift */; };
		8868C9B11ED345E9007493E6 /* StorageHelper.swift in Sources */ = {isa = PBXBuildFile; fileRef = 8868C9B01ED345E9007493E6 /* StorageHelper.swift */; };
		8868C9B31ED396F7007493E6 /* Acceleration.swift in Sources */ = {isa = PBXBuildFile; fileRef = 8868C9B21ED396F7007493E6 /* Acceleration.swift */; };
		889A62B01EEDE1E300295C3C /* NotificationManager.swift in Sources */ = {isa = PBXBuildFile; fileRef = 889A62AF1EEDE1E300295C3C /* NotificationManager.swift */; };
		88D5F43B1EEF15650082A190 /* UIView+@IBInspectable.swift in Sources */ = {isa = PBXBuildFile; fileRef = 88D5F43A1EEF15650082A190 /* UIView+@IBInspectable.swift */; };
		88D5F43D1EEF38AA0082A190 /* DataManager.swift in Sources */ = {isa = PBXBuildFile; fileRef = 88D5F43C1EEF38AA0082A190 /* DataManager.swift */; };
		88E234001ECB7B8E00BB051C /* NetworkManager.swift in Sources */ = {isa = PBXBuildFile; fileRef = 88E233FF1ECB7B8E00BB051C /* NetworkManager.swift */; };
		88E234041ECBB14100BB051C /* Bump.swift in Sources */ = {isa = PBXBuildFile; fileRef = 88E234031ECBB14100BB051C /* Bump.swift */; };
		88E234071ECC504800BB051C /* APIPath.swift in Sources */ = {isa = PBXBuildFile; fileRef = 88E234061ECC504800BB051C /* APIPath.swift */; };
		88E234091ECC5B8A00BB051C /* DataError.swift in Sources */ = {isa = PBXBuildFile; fileRef = 88E234081ECC5B8A00BB051C /* DataError.swift */; };
		DBEE0DB0A7694DE3CA9C75F9 /* Pods_SurfaceTracker.framework in Frameworks */ = {isa = PBXBuildFile; fileRef = 6725D879F8C4BD1A44621131 /* Pods_SurfaceTracker.framework */; };
/* End PBXBuildFile section */

/* Begin PBXFileReference section */
		1E04C11206538E6583C9BBCB /* Pods-SurfaceTracker.release.xcconfig */ = {isa = PBXFileReference; includeInIndex = 1; lastKnownFileType = text.xcconfig; name = "Pods-SurfaceTracker.release.xcconfig"; path = "Pods/Target Support Files/Pods-SurfaceTracker/Pods-SurfaceTracker.release.xcconfig"; sourceTree = "<group>"; };
		2E4E04284CCE7E99B243E071 /* Pods_AutoYama.framework */ = {isa = PBXFileReference; explicitFileType = wrapper.framework; includeInIndex = 0; path = Pods_AutoYama.framework; sourceTree = BUILT_PRODUCTS_DIR; };
		43C7727E94D3322AF5569939 /* Pods-AutoYama.debug.xcconfig */ = {isa = PBXFileReference; includeInIndex = 1; lastKnownFileType = text.xcconfig; name = "Pods-AutoYama.debug.xcconfig"; path = "Pods/Target Support Files/Pods-AutoYama/Pods-AutoYama.debug.xcconfig"; sourceTree = "<group>"; };
		560824A82F994E25E2DC067C /* Pods-AutoYama.release.xcconfig */ = {isa = PBXFileReference; includeInIndex = 1; lastKnownFileType = text.xcconfig; name = "Pods-AutoYama.release.xcconfig"; path = "Pods/Target Support Files/Pods-AutoYama/Pods-AutoYama.release.xcconfig"; sourceTree = "<group>"; };
		6725D879F8C4BD1A44621131 /* Pods_SurfaceTracker.framework */ = {isa = PBXFileReference; explicitFileType = wrapper.framework; includeInIndex = 0; path = Pods_SurfaceTracker.framework; sourceTree = BUILT_PRODUCTS_DIR; };
		882E50A11EE7453E004C7C9B /* LocationCoordinate.swift */ = {isa = PBXFileReference; fileEncoding = 4; lastKnownFileType = sourcecode.swift; path = LocationCoordinate.swift; sourceTree = "<group>"; };
		8832AA831EEDFACB0092FDD0 /* Configuration.swift */ = {isa = PBXFileReference; fileEncoding = 4; lastKnownFileType = sourcecode.swift; name = Configuration.swift; path = ../Configuration.swift; sourceTree = "<group>"; };
		8833DBD61E9D63FA00CACA85 /* SurfaceTracker.app */ = {isa = PBXFileReference; explicitFileType = wrapper.application; includeInIndex = 0; path = SurfaceTracker.app; sourceTree = BUILT_PRODUCTS_DIR; };
		8833DBD91E9D63FA00CACA85 /* AppDelegate.swift */ = {isa = PBXFileReference; lastKnownFileType = sourcecode.swift; path = AppDelegate.swift; sourceTree = "<group>"; };
		8833DBDB1E9D63FA00CACA85 /* MapViewController.swift */ = {isa = PBXFileReference; lastKnownFileType = sourcecode.swift; path = MapViewController.swift; sourceTree = "<group>"; };
		8833DBDD1E9D63FA00CACA85 /* SettingsViewController.swift */ = {isa = PBXFileReference; lastKnownFileType = sourcecode.swift; path = SettingsViewController.swift; sourceTree = "<group>"; };
		8833DBE01E9D63FA00CACA85 /* Base */ = {isa = PBXFileReference; lastKnownFileType = file.storyboard; name = Base; path = Base.lproj/Main.storyboard; sourceTree = "<group>"; };
		8833DBE21E9D63FA00CACA85 /* Assets.xcassets */ = {isa = PBXFileReference; lastKnownFileType = folder.assetcatalog; path = Assets.xcassets; sourceTree = "<group>"; };
		8833DBE51E9D63FA00CACA85 /* Base */ = {isa = PBXFileReference; lastKnownFileType = file.storyboard; name = Base; path = Base.lproj/LaunchScreen.storyboard; sourceTree = "<group>"; };
		8833DBE71E9D63FA00CACA85 /* Info.plist */ = {isa = PBXFileReference; lastKnownFileType = text.plist.xml; path = Info.plist; sourceTree = "<group>"; };
		8833DBED1E9D6A6F00CACA85 /* BumpManager.swift */ = {isa = PBXFileReference; fileEncoding = 4; lastKnownFileType = sourcecode.swift; path = BumpManager.swift; sourceTree = "<group>"; };
		8868C9B01ED345E9007493E6 /* StorageHelper.swift */ = {isa = PBXFileReference; fileEncoding = 4; lastKnownFileType = sourcecode.swift; name = StorageHelper.swift; path = Data/StorageHelper.swift; sourceTree = "<group>"; };
		8868C9B21ED396F7007493E6 /* Acceleration.swift */ = {isa = PBXFileReference; fileEncoding = 4; lastKnownFileType = sourcecode.swift; path = Acceleration.swift; sourceTree = "<group>"; };
		889A62AF1EEDE1E300295C3C /* NotificationManager.swift */ = {isa = PBXFileReference; fileEncoding = 4; lastKnownFileType = sourcecode.swift; name = NotificationManager.swift; path = Data/NotificationManager.swift; sourceTree = "<group>"; };
		88D5F43A1EEF15650082A190 /* UIView+@IBInspectable.swift */ = {isa = PBXFileReference; fileEncoding = 4; lastKnownFileType = sourcecode.swift; path = "UIView+@IBInspectable.swift"; sourceTree = "<group>"; };
		88D5F43C1EEF38AA0082A190 /* DataManager.swift */ = {isa = PBXFileReference; fileEncoding = 4; lastKnownFileType = sourcecode.swift; path = DataManager.swift; sourceTree = "<group>"; };
		88E233FF1ECB7B8E00BB051C /* NetworkManager.swift */ = {isa = PBXFileReference; fileEncoding = 4; lastKnownFileType = sourcecode.swift; name = NetworkManager.swift; path = Data/NetworkManager.swift; sourceTree = "<group>"; };
		88E234031ECBB14100BB051C /* Bump.swift */ = {isa = PBXFileReference; fileEncoding = 4; lastKnownFileType = sourcecode.swift; path = Bump.swift; sourceTree = "<group>"; };
		88E234061ECC504800BB051C /* APIPath.swift */ = {isa = PBXFileReference; fileEncoding = 4; lastKnownFileType = sourcecode.swift; path = APIPath.swift; sourceTree = "<group>"; };
		88E234081ECC5B8A00BB051C /* DataError.swift */ = {isa = PBXFileReference; fileEncoding = 4; lastKnownFileType = sourcecode.swift; path = DataError.swift; sourceTree = "<group>"; };
		9AA93B12D8688E964298F163 /* Pods-SurfaceTracker.debug.xcconfig */ = {isa = PBXFileReference; includeInIndex = 1; lastKnownFileType = text.xcconfig; name = "Pods-SurfaceTracker.debug.xcconfig"; path = "Pods/Target Support Files/Pods-SurfaceTracker/Pods-SurfaceTracker.debug.xcconfig"; sourceTree = "<group>"; };
/* End PBXFileReference section */

/* Begin PBXFrameworksBuildPhase section */
		8833DBD31E9D63FA00CACA85 /* Frameworks */ = {
			isa = PBXFrameworksBuildPhase;
			buildActionMask = 2147483647;
			files = (
				DBEE0DB0A7694DE3CA9C75F9 /* Pods_SurfaceTracker.framework in Frameworks */,
			);
			runOnlyForDeploymentPostprocessing = 0;
		};
/* End PBXFrameworksBuildPhase section */

/* Begin PBXGroup section */
		061F8695A588BE7F024BD9B0 /* Pods */ = {
			isa = PBXGroup;
			children = (
				43C7727E94D3322AF5569939 /* Pods-AutoYama.debug.xcconfig */,
				560824A82F994E25E2DC067C /* Pods-AutoYama.release.xcconfig */,
				9AA93B12D8688E964298F163 /* Pods-SurfaceTracker.debug.xcconfig */,
				1E04C11206538E6583C9BBCB /* Pods-SurfaceTracker.release.xcconfig */,
			);
			name = Pods;
			sourceTree = "<group>";
		};
		8833B5891EEEDB8C00CAFB33 /* UI */ = {
			isa = PBXGroup;
			children = (
				88D5F4341EEF15120082A190 /* ViewControllers */,
				8833DBE41E9D63FA00CACA85 /* LaunchScreen.storyboard */,
				8833DBDF1E9D63FA00CACA85 /* Main.storyboard */,
			);
			name = UI;
			sourceTree = "<group>";
		};
		8833B58A1EEEDB9C00CAFB33 /* Supporting */ = {
			isa = PBXGroup;
			children = (
				8833DBE21E9D63FA00CACA85 /* Assets.xcassets */,
				8833DBE71E9D63FA00CACA85 /* Info.plist */,
			);
			name = Supporting;
			sourceTree = "<group>";
		};
		8833DBCD1E9D63FA00CACA85 = {
			isa = PBXGroup;
			children = (
				885B171B1ED4489E00E5AB3B /* SurfaceTracker */,
				B8E7D202C9693CE61B6A45F1 /* Frameworks */,
				061F8695A588BE7F024BD9B0 /* Pods */,
				8833DBD71E9D63FA00CACA85 /* Products */,
			);
			sourceTree = "<group>";
		};
		8833DBD71E9D63FA00CACA85 /* Products */ = {
			isa = PBXGroup;
			children = (
				8833DBD61E9D63FA00CACA85 /* SurfaceTracker.app */,
			);
			name = Products;
			sourceTree = "<group>";
		};
		885B171B1ED4489E00E5AB3B /* SurfaceTracker */ = {
			isa = PBXGroup;
			children = (
				88D5F4391EEF154E0082A190 /* Extensions */,
				88D5F4321EEEE1D10082A190 /* Util */,
				8833B5891EEEDB8C00CAFB33 /* UI */,
				88E234011ECBB12A00BB051C /* Data */,
				8833DBD91E9D63FA00CACA85 /* AppDelegate.swift */,
				8833B58A1EEEDB9C00CAFB33 /* Supporting */,
			);
			path = SurfaceTracker;
			sourceTree = "<group>";
		};
		88D5F4321EEEE1D10082A190 /* Util */ = {
			isa = PBXGroup;
			children = (
				88E233FF1ECB7B8E00BB051C /* NetworkManager.swift */,
				8868C9B01ED345E9007493E6 /* StorageHelper.swift */,
				889A62AF1EEDE1E300295C3C /* NotificationManager.swift */,
			);
			name = Util;
			sourceTree = "<group>";
		};
		88D5F4341EEF15120082A190 /* ViewControllers */ = {
			isa = PBXGroup;
			children = (
				8833DBDB1E9D63FA00CACA85 /* MapViewController.swift */,
				8833DBDD1E9D63FA00CACA85 /* SettingsViewController.swift */,
			);
			name = ViewControllers;
			sourceTree = "<group>";
		};
		88D5F4391EEF154E0082A190 /* Extensions */ = {
			isa = PBXGroup;
			children = (
				88D5F43A1EEF15650082A190 /* UIView+@IBInspectable.swift */,
			);
			name = Extensions;
			sourceTree = "<group>";
		};
		88E234011ECBB12A00BB051C /* Data */ = {
			isa = PBXGroup;
			children = (
				88E234021ECBB13500BB051C /* Model */,
				88E234061ECC504800BB051C /* APIPath.swift */,
				8833DBED1E9D6A6F00CACA85 /* BumpManager.swift */,
				88E234081ECC5B8A00BB051C /* DataError.swift */,
				88D5F43C1EEF38AA0082A190 /* DataManager.swift */,
			);
			path = Data;
			sourceTree = "<group>";
		};
		88E234021ECBB13500BB051C /* Model */ = {
			isa = PBXGroup;
			children = (
				8868C9B21ED396F7007493E6 /* Acceleration.swift */,
				8832AA831EEDFACB0092FDD0 /* Configuration.swift */,
				88E234031ECBB14100BB051C /* Bump.swift */,
				882E50A11EE7453E004C7C9B /* LocationCoordinate.swift */,
			);
			path = Model;
			sourceTree = "<group>";
		};
		B8E7D202C9693CE61B6A45F1 /* Frameworks */ = {
			isa = PBXGroup;
			children = (
				2E4E04284CCE7E99B243E071 /* Pods_AutoYama.framework */,
				6725D879F8C4BD1A44621131 /* Pods_SurfaceTracker.framework */,
			);
			name = Frameworks;
			sourceTree = "<group>";
		};
/* End PBXGroup section */

/* Begin PBXNativeTarget section */
		8833DBD51E9D63FA00CACA85 /* SurfaceTracker */ = {
			isa = PBXNativeTarget;
			buildConfigurationList = 8833DBEA1E9D63FA00CACA85 /* Build configuration list for PBXNativeTarget "SurfaceTracker" */;
			buildPhases = (
				83BE5469983143299F0248FB /* [CP] Check Pods Manifest.lock */,
				8833DBD21E9D63FA00CACA85 /* Sources */,
				8833DBD31E9D63FA00CACA85 /* Frameworks */,
				8833DBD41E9D63FA00CACA85 /* Resources */,
				4EF08E97C8F1245CE40DDB99 /* [CP] Embed Pods Frameworks */,
				4CE45F43E8A61E1F7831619E /* [CP] Copy Pods Resources */,
			);
			buildRules = (
			);
			dependencies = (
			);
			name = SurfaceTracker;
			productName = AutoYama;
			productReference = 8833DBD61E9D63FA00CACA85 /* SurfaceTracker.app */;
			productType = "com.apple.product-type.application";
		};
/* End PBXNativeTarget section */

/* Begin PBXProject section */
		8833DBCE1E9D63FA00CACA85 /* Project object */ = {
			isa = PBXProject;
			attributes = {
				LastSwiftUpdateCheck = 0820;
				LastUpgradeCheck = 0820;
				ORGANIZATIONNAME = tetofa;
				TargetAttributes = {
					8833DBD51E9D63FA00CACA85 = {
						CreatedOnToolsVersion = 8.2;
						DevelopmentTeam = 7HLY3EQ26F;
						ProvisioningStyle = Automatic;
						SystemCapabilities = {
							com.apple.BackgroundModes = {
								enabled = 1;
							};
						};
					};
				};
			};
			buildConfigurationList = 8833DBD11E9D63FA00CACA85 /* Build configuration list for PBXProject "SurfaceTracker" */;
			compatibilityVersion = "Xcode 3.2";
			developmentRegion = English;
			hasScannedForEncodings = 0;
			knownRegions = (
				en,
				Base,
			);
			mainGroup = 8833DBCD1E9D63FA00CACA85;
			productRefGroup = 8833DBD71E9D63FA00CACA85 /* Products */;
			projectDirPath = "";
			projectRoot = "";
			targets = (
				8833DBD51E9D63FA00CACA85 /* SurfaceTracker */,
			);
		};
/* End PBXProject section */

/* Begin PBXResourcesBuildPhase section */
		8833DBD41E9D63FA00CACA85 /* Resources */ = {
			isa = PBXResourcesBuildPhase;
			buildActionMask = 2147483647;
			files = (
				8833DBE61E9D63FA00CACA85 /* LaunchScreen.storyboard in Resources */,
				8833DBE31E9D63FA00CACA85 /* Assets.xcassets in Resources */,
				8833DBE11E9D63FA00CACA85 /* Main.storyboard in Resources */,
			);
			runOnlyForDeploymentPostprocessing = 0;
		};
/* End PBXResourcesBuildPhase section */

/* Begin PBXShellScriptBuildPhase section */
		4CE45F43E8A61E1F7831619E /* [CP] Copy Pods Resources */ = {
			isa = PBXShellScriptBuildPhase;
			buildActionMask = 2147483647;
			files = (
			);
			inputPaths = (
			);
			name = "[CP] Copy Pods Resources";
			outputPaths = (
			);
			runOnlyForDeploymentPostprocessing = 0;
			shellPath = /bin/sh;
			shellScript = "\"${SRCROOT}/Pods/Target Support Files/Pods-SurfaceTracker/Pods-SurfaceTracker-resources.sh\"\n";
			showEnvVarsInLog = 0;
		};
		4EF08E97C8F1245CE40DDB99 /* [CP] Embed Pods Frameworks */ = {
			isa = PBXShellScriptBuildPhase;
			buildActionMask = 2147483647;
			files = (
			);
			inputPaths = (
			);
			name = "[CP] Embed Pods Frameworks";
			outputPaths = (
			);
			runOnlyForDeploymentPostprocessing = 0;
			shellPath = /bin/sh;
			shellScript = "\"${SRCROOT}/Pods/Target Support Files/Pods-SurfaceTracker/Pods-SurfaceTracker-frameworks.sh\"\n";
			showEnvVarsInLog = 0;
		};
		83BE5469983143299F0248FB /* [CP] Check Pods Manifest.lock */ = {
			isa = PBXShellScriptBuildPhase;
			buildActionMask = 2147483647;
			files = (
			);
			inputPaths = (
			);
			name = "[CP] Check Pods Manifest.lock";
			outputPaths = (
			);
			runOnlyForDeploymentPostprocessing = 0;
			shellPath = /bin/sh;
			shellScript = "diff \"${PODS_PODFILE_DIR_PATH}/Podfile.lock\" \"${PODS_ROOT}/Manifest.lock\" > /dev/null\nif [ $? != 0 ] ; then\n    # print error to STDERR\n    echo \"error: The sandbox is not in sync with the Podfile.lock. Run 'pod install' or update your CocoaPods installation.\" >&2\n    exit 1\nfi\n";
			showEnvVarsInLog = 0;
		};
/* End PBXShellScriptBuildPhase section */

/* Begin PBXSourcesBuildPhase section */
		8833DBD21E9D63FA00CACA85 /* Sources */ = {
			isa = PBXSourcesBuildPhase;
			buildActionMask = 2147483647;
			files = (
				8833DBDE1E9D63FA00CACA85 /* SettingsViewController.swift in Sources */,
				88D5F43D1EEF38AA0082A190 /* DataManager.swift in Sources */,
				8833DBEE1E9D6A6F00CACA85 /* BumpManager.swift in Sources */,
				8868C9B11ED345E9007493E6 /* StorageHelper.swift in Sources */,
				882E50A21EE7453E004C7C9B /* LocationCoordinate.swift in Sources */,
				88E234001ECB7B8E00BB051C /* NetworkManager.swift in Sources */,
				88E234041ECBB14100BB051C /* Bump.swift in Sources */,
				889A62B01EEDE1E300295C3C /* NotificationManager.swift in Sources */,
				88D5F43B1EEF15650082A190 /* UIView+@IBInspectable.swift in Sources */,
				8832AA841EEDFACB0092FDD0 /* Configuration.swift in Sources */,
				88E234071ECC504800BB051C /* APIPath.swift in Sources */,
				8833DBDA1E9D63FA00CACA85 /* AppDelegate.swift in Sources */,
				88E234091ECC5B8A00BB051C /* DataError.swift in Sources */,
				8833DBDC1E9D63FA00CACA85 /* MapViewController.swift in Sources */,
				8868C9B31ED396F7007493E6 /* Acceleration.swift in Sources */,
			);
			runOnlyForDeploymentPostprocessing = 0;
		};
/* End PBXSourcesBuildPhase section */

/* Begin PBXVariantGroup section */
		8833DBDF1E9D63FA00CACA85 /* Main.storyboard */ = {
			isa = PBXVariantGroup;
			children = (
				8833DBE01E9D63FA00CACA85 /* Base */,
			);
			name = Main.storyboard;
			path = .;
			sourceTree = "<group>";
		};
		8833DBE41E9D63FA00CACA85 /* LaunchScreen.storyboard */ = {
			isa = PBXVariantGroup;
			children = (
				8833DBE51E9D63FA00CACA85 /* Base */,
			);
			name = LaunchScreen.storyboard;
			path = .;
			sourceTree = "<group>";
		};
/* End PBXVariantGroup section */

/* Begin XCBuildConfiguration section */
		8833DBE81E9D63FA00CACA85 /* Debug */ = {
			isa = XCBuildConfiguration;
			buildSettings = {
				ALWAYS_SEARCH_USER_PATHS = NO;
				CLANG_ANALYZER_NONNULL = YES;
				CLANG_CXX_LANGUAGE_STANDARD = "gnu++0x";
				CLANG_CXX_LIBRARY = "libc++";
				CLANG_ENABLE_MODULES = YES;
				CLANG_ENABLE_OBJC_ARC = YES;
				CLANG_WARN_BOOL_CONVERSION = YES;
				CLANG_WARN_CONSTANT_CONVERSION = YES;
				CLANG_WARN_DIRECT_OBJC_ISA_USAGE = YES_ERROR;
				CLANG_WARN_DOCUMENTATION_COMMENTS = YES;
				CLANG_WARN_EMPTY_BODY = YES;
				CLANG_WARN_ENUM_CONVERSION = YES;
				CLANG_WARN_INFINITE_RECURSION = YES;
				CLANG_WARN_INT_CONVERSION = YES;
				CLANG_WARN_OBJC_ROOT_CLASS = YES_ERROR;
				CLANG_WARN_SUSPICIOUS_MOVE = YES;
				CLANG_WARN_UNREACHABLE_CODE = YES;
				CLANG_WARN__DUPLICATE_METHOD_MATCH = YES;
				"CODE_SIGN_IDENTITY[sdk=iphoneos*]" = "iPhone Developer";
				COPY_PHASE_STRIP = NO;
				DEBUG_INFORMATION_FORMAT = dwarf;
				ENABLE_STRICT_OBJC_MSGSEND = YES;
				ENABLE_TESTABILITY = YES;
				GCC_C_LANGUAGE_STANDARD = gnu99;
				GCC_DYNAMIC_NO_PIC = NO;
				GCC_NO_COMMON_BLOCKS = YES;
				GCC_OPTIMIZATION_LEVEL = 0;
				GCC_PREPROCESSOR_DEFINITIONS = (
					"DEBUG=1",
					"$(inherited)",
				);
				GCC_WARN_64_TO_32_BIT_CONVERSION = YES;
				GCC_WARN_ABOUT_RETURN_TYPE = YES_ERROR;
				GCC_WARN_UNDECLARED_SELECTOR = YES;
				GCC_WARN_UNINITIALIZED_AUTOS = YES_AGGRESSIVE;
				GCC_WARN_UNUSED_FUNCTION = YES;
				GCC_WARN_UNUSED_VARIABLE = YES;
				IPHONEOS_DEPLOYMENT_TARGET = 10.2;
				MTL_ENABLE_DEBUG_INFO = YES;
				ONLY_ACTIVE_ARCH = YES;
				SDKROOT = iphoneos;
				SWIFT_ACTIVE_COMPILATION_CONDITIONS = DEBUG;
				SWIFT_OPTIMIZATION_LEVEL = "-Onone";
				TARGETED_DEVICE_FAMILY = "1,2";
			};
			name = Debug;
		};
		8833DBE91E9D63FA00CACA85 /* Release */ = {
			isa = XCBuildConfiguration;
			buildSettings = {
				ALWAYS_SEARCH_USER_PATHS = NO;
				CLANG_ANALYZER_NONNULL = YES;
				CLANG_CXX_LANGUAGE_STANDARD = "gnu++0x";
				CLANG_CXX_LIBRARY = "libc++";
				CLANG_ENABLE_MODULES = YES;
				CLANG_ENABLE_OBJC_ARC = YES;
				CLANG_WARN_BOOL_CONVERSION = YES;
				CLANG_WARN_CONSTANT_CONVERSION = YES;
				CLANG_WARN_DIRECT_OBJC_ISA_USAGE = YES_ERROR;
				CLANG_WARN_DOCUMENTATION_COMMENTS = YES;
				CLANG_WARN_EMPTY_BODY = YES;
				CLANG_WARN_ENUM_CONVERSION = YES;
				CLANG_WARN_INFINITE_RECURSION = YES;
				CLANG_WARN_INT_CONVERSION = YES;
				CLANG_WARN_OBJC_ROOT_CLASS = YES_ERROR;
				CLANG_WARN_SUSPICIOUS_MOVE = YES;
				CLANG_WARN_UNREACHABLE_CODE = YES;
				CLANG_WARN__DUPLICATE_METHOD_MATCH = YES;
				"CODE_SIGN_IDENTITY[sdk=iphoneos*]" = "iPhone Developer";
				COPY_PHASE_STRIP = NO;
				DEBUG_INFORMATION_FORMAT = "dwarf-with-dsym";
				ENABLE_NS_ASSERTIONS = NO;
				ENABLE_STRICT_OBJC_MSGSEND = YES;
				GCC_C_LANGUAGE_STANDARD = gnu99;
				GCC_NO_COMMON_BLOCKS = YES;
				GCC_WARN_64_TO_32_BIT_CONVERSION = YES;
				GCC_WARN_ABOUT_RETURN_TYPE = YES_ERROR;
				GCC_WARN_UNDECLARED_SELECTOR = YES;
				GCC_WARN_UNINITIALIZED_AUTOS = YES_AGGRESSIVE;
				GCC_WARN_UNUSED_FUNCTION = YES;
				GCC_WARN_UNUSED_VARIABLE = YES;
				IPHONEOS_DEPLOYMENT_TARGET = 10.2;
				MTL_ENABLE_DEBUG_INFO = NO;
				SDKROOT = iphoneos;
				SWIFT_OPTIMIZATION_LEVEL = "-Owholemodule";
				TARGETED_DEVICE_FAMILY = "1,2";
				VALIDATE_PRODUCT = YES;
			};
			name = Release;
		};
		8833DBEB1E9D63FA00CACA85 /* Debug */ = {
			isa = XCBuildConfiguration;
			baseConfigurationReference = 9AA93B12D8688E964298F163 /* Pods-SurfaceTracker.debug.xcconfig */;
			buildSettings = {
				ASSETCATALOG_COMPILER_APPICON_NAME = AppIcon;
				DEVELOPMENT_TEAM = 7HLY3EQ26F;
				INFOPLIST_FILE = SurfaceTracker/Info.plist;
				LD_RUNPATH_SEARCH_PATHS = "$(inherited) @executable_path/Frameworks";
				PRODUCT_BUNDLE_IDENTIFIER = ru.tetofa.SurfaceTracker;
				PRODUCT_NAME = "$(TARGET_NAME)";
				SWIFT_VERSION = 3.0;
			};
			name = Debug;
		};
		8833DBEC1E9D63FA00CACA85 /* Release */ = {
			isa = XCBuildConfiguration;
			baseConfigurationReference = 1E04C11206538E6583C9BBCB /* Pods-SurfaceTracker.release.xcconfig */;
			buildSettings = {
				ASSETCATALOG_COMPILER_APPICON_NAME = AppIcon;
				DEVELOPMENT_TEAM = 7HLY3EQ26F;
				INFOPLIST_FILE = SurfaceTracker/Info.plist;
				LD_RUNPATH_SEARCH_PATHS = "$(inherited) @executable_path/Frameworks";
				PRODUCT_BUNDLE_IDENTIFIER = ru.tetofa.SurfaceTracker;
				PRODUCT_NAME = "$(TARGET_NAME)";
				SWIFT_VERSION = 3.0;
			};
			name = Release;
		};
/* End XCBuildConfiguration section */

/* Begin XCConfigurationList section */
		8833DBD11E9D63FA00CACA85 /* Build configuration list for PBXProject "SurfaceTracker" */ = {
			isa = XCConfigurationList;
			buildConfigurations = (
				8833DBE81E9D63FA00CACA85 /* Debug */,
				8833DBE91E9D63FA00CACA85 /* Release */,
			);
			defaultConfigurationIsVisible = 0;
			defaultConfigurationName = Release;
		};
		8833DBEA1E9D63FA00CACA85 /* Build configuration list for PBXNativeTarget "SurfaceTracker" */ = {
			isa = XCConfigurationList;
			buildConfigurations = (
				8833DBEB1E9D63FA00CACA85 /* Debug */,
				8833DBEC1E9D63FA00CACA85 /* Release */,
			);
			defaultConfigurationIsVisible = 0;
			defaultConfigurationName = Release;
		};
/* End XCConfigurationList section */
	};
	rootObject = 8833DBCE1E9D63FA00CACA85 /* Project object */;
}
